
Microsoft Visual Studio Solution File, Format Version 12.00
# Visual Studio Version 16
VisualStudioVersion = 16.0.30907.101
MinimumVisualStudioVersion = 10.0.40219.1
Project("{FAE04EC0-301F-11D3-BF4B-00C04F79EFBC}") = "TextEngine-BBCode", "TextEngine-BBCode\TextEngine-BBCode.csproj", "{AD35F8BE-8252-4BA4-A947-354734D6A5EF}"
EndProject
Global
	GlobalSection(SolutionConfigurationPlatforms) = preSolution
		Debug|Any CPU = Debug|Any CPU
		Release|Any CPU = Release|Any CPU
	EndGlobalSection
	GlobalSection(ProjectConfigurationPlatforms) = postSolution
		{AD35F8BE-8252-4BA4-A947-354734D6A5EF}.Debug|Any CPU.ActiveCfg = Debug|Any CPU
		{AD35F8BE-8252-4BA4-A947-354734D6A5EF}.Debug|Any CPU.Build.0 = Debug|Any CPU
		{AD35F8BE-8252-4BA4-A947-354734D6A5EF}.Release|Any CPU.ActiveCfg = Release|Any CPU
		{AD35F8BE-8252-4BA4-A947-354734D6A5EF}.Release|Any CPU.Build.0 = Release|Any CPU
	EndGlobalSection
	GlobalSection(SolutionProperties) = preSolution
		HideSolutionNode = FALSE
	EndGlobalSection
	GlobalSection(ExtensibilityGlobals) = postSolution
		SolutionGuid = {56D305BF-AB06-4E56-B278-D3E4341B3D02}
	EndGlobalSection
EndGlobal
